%{
  "heap": {:hex, :heap, "3.0.0", "c6dbcd6e9a0b021432176e89cfd829dd065bd6c115981fdcd981a4251fff5fde", [:mix], [], "hexpm", "373eaca5787e2a2b009c42338e70414f590ceabcf96cfc786627ed762ad4dfc6"},
  "priority_queue": {:hex, :priority_queue, "1.0.0", "5ff5f83a764b635e71f0e41bf78b9763bb233bbac8f5733b4b09b6730bddf866", [:mix], [], "hexpm", "ba3dc420a5898d863803455c05ad870c6b6f3adb12b50ebea6cd6aeed1b358b7"},
}
